
Microsoft Visual Studio Solution File, Format Version 12.00
# Visual Studio Version 17
VisualStudioVersion = 17.8.34511.84
MinimumVisualStudioVersion = 10.0.40219.1
Project("{9A19103F-16F7-4668-BE54-9A1E7A4F7556}") = "Delegate_01", "Delegate_1\Delegate_01.csproj", "{4D56FFB9-CF46-489D-8B37-43B8EAD74C71}"
EndProject
Project("{9A19103F-16F7-4668-BE54-9A1E7A4F7556}") = "Delegate_02", "Delegate_2\Delegate_02.csproj", "{B5D9CA4A-0C56-4A1D-AC00-4BD27AD12DA4}"
EndProject
Project("{9A19103F-16F7-4668-BE54-9A1E7A4F7556}") = "Delegate_03", "Delegate_3\Delegate_03.csproj", "{4EF3F0B4-1015-4599-9B93-29C4011216FC}"
EndProject
Project("{9A19103F-16F7-4668-BE54-9A1E7A4F7556}") = "Delegate_04", "Delegate_4\Delegate_04.csproj", "{F7DA9064-3831-4E0A-968B-C40EE94E6BB2}"
EndProject
Project("{9A19103F-16F7-4668-BE54-9A1E7A4F7556}") = "Delegate_05", "Delegate_5\Delegate_05.csproj", "{4D6637C2-374D-414E-8D7D-F406EBE54BD1}"
EndProject
Project("{9A19103F-16F7-4668-BE54-9A1E7A4F7556}") = "Delegate_06", "Delegate_6\Delegate_06.csproj", "{2C3A6774-B690-47CA-8851-4F7B05D39888}"
EndProject
Project("{9A19103F-16F7-4668-BE54-9A1E7A4F7556}") = "Delegate_07", "Delegate_7\Delegate_07.csproj", "{797F8969-E4D1-42E5-8CFF-0E220BF47F8B}"
EndProject
Project("{9A19103F-16F7-4668-BE54-9A1E7A4F7556}") = "Delegate_08", "Delegate_8\Delegate_08.csproj", "{F264CAD9-CB20-4653-8DDF-16C7D699B6FA}"
EndProject
Project("{9A19103F-16F7-4668-BE54-9A1E7A4F7556}") = "Delegate_09", "Delegate_9\Delegate_09.csproj", "{3A873630-2EBC-4E3C-B12B-4CEA36B29923}"
EndProject
Project("{9A19103F-16F7-4668-BE54-9A1E7A4F7556}") = "Delegate_10", "Delegate_010\Delegate_10.csproj", "{2A4C7AE8-26DF-490F-9E47-98DB8D1D65DD}"
EndProject
Project("{9A19103F-16F7-4668-BE54-9A1E7A4F7556}") = "Delegate_11", "Delegate_11\Delegate_11.csproj", "{85D92F73-57FB-4843-813E-B70D93585CBE}"
EndProject
Project("{9A19103F-16F7-4668-BE54-9A1E7A4F7556}") = "Delegate_12", "Delegate_12\Delegate_12.csproj", "{B4F6428F-9CE0-4F9F-A00D-3690BA7C6145}"
EndProject
Project("{9A19103F-16F7-4668-BE54-9A1E7A4F7556}") = "Delegate_13", "Delegate_13\Delegate_13.csproj", "{7228316E-00DD-4588-A615-15545F576482}"
EndProject
Project("{9A19103F-16F7-4668-BE54-9A1E7A4F7556}") = "Delegate_14", "Delegate_14\Delegate_14.csproj", "{D0B6CC5C-A478-4AE3-9ECB-5FDDFFAA4796}"
EndProject
Project("{9A19103F-16F7-4668-BE54-9A1E7A4F7556}") = "Delegate_15", "Delegate_15\Delegate_15.csproj", "{17345D1F-E4A0-4058-83E8-19BD5E6CB2B9}"
EndProject
Project("{9A19103F-16F7-4668-BE54-9A1E7A4F7556}") = "Event_01", "Event_01\Event_01.csproj", "{1FBCCDAD-2436-4BD3-B74D-34D14E62E7A0}"
EndProject
Project("{9A19103F-16F7-4668-BE54-9A1E7A4F7556}") = "Event_02", "Event_02\Event_02.csproj", "{5E89E4CC-C6F2-4B0A-BE27-E09D7F552CFA}"
EndProject
Project("{9A19103F-16F7-4668-BE54-9A1E7A4F7556}") = "Event_03", "Event_03\Event_03.csproj", "{B287EF4F-9DC8-4094-9AC2-372963150F4F}"
EndProject
Project("{9A19103F-16F7-4668-BE54-9A1E7A4F7556}") = "Event_04", "Event_04\Event_04.csproj", "{30128B3D-278C-4571-AE63-6360E066B06D}"
EndProject
Project("{9A19103F-16F7-4668-BE54-9A1E7A4F7556}") = "Event_05", "Event_05\Event_05.csproj", "{4F4D3678-F4DB-4983-9FFD-E3C5A61BE069}"
EndProject
Project("{FAE04EC0-301F-11D3-BF4B-00C04F79EFBC}") = "Event_06", "Event_06\Event_06.csproj", "{E556891A-D261-400D-B773-1CB36A6028AC}"
EndProject
Global
	GlobalSection(SolutionConfigurationPlatforms) = preSolution
		Debug|Any CPU = Debug|Any CPU
		Release|Any CPU = Release|Any CPU
	EndGlobalSection
	GlobalSection(ProjectConfigurationPlatforms) = postSolution
		{4D56FFB9-CF46-489D-8B37-43B8EAD74C71}.Debug|Any CPU.ActiveCfg = Debug|Any CPU
		{4D56FFB9-CF46-489D-8B37-43B8EAD74C71}.Debug|Any CPU.Build.0 = Debug|Any CPU
		{4D56FFB9-CF46-489D-8B37-43B8EAD74C71}.Release|Any CPU.ActiveCfg = Release|Any CPU
		{4D56FFB9-CF46-489D-8B37-43B8EAD74C71}.Release|Any CPU.Build.0 = Release|Any CPU
		{B5D9CA4A-0C56-4A1D-AC00-4BD27AD12DA4}.Debug|Any CPU.ActiveCfg = Debug|Any CPU
		{B5D9CA4A-0C56-4A1D-AC00-4BD27AD12DA4}.Debug|Any CPU.Build.0 = Debug|Any CPU
		{B5D9CA4A-0C56-4A1D-AC00-4BD27AD12DA4}.Release|Any CPU.ActiveCfg = Release|Any CPU
		{B5D9CA4A-0C56-4A1D-AC00-4BD27AD12DA4}.Release|Any CPU.Build.0 = Release|Any CPU
		{4EF3F0B4-1015-4599-9B93-29C4011216FC}.Debug|Any CPU.ActiveCfg = Debug|Any CPU
		{4EF3F0B4-1015-4599-9B93-29C4011216FC}.Debug|Any CPU.Build.0 = Debug|Any CPU
		{4EF3F0B4-1015-4599-9B93-29C4011216FC}.Release|Any CPU.ActiveCfg = Release|Any CPU
		{4EF3F0B4-1015-4599-9B93-29C4011216FC}.Release|Any CPU.Build.0 = Release|Any CPU
		{F7DA9064-3831-4E0A-968B-C40EE94E6BB2}.Debug|Any CPU.ActiveCfg = Debug|Any CPU
		{F7DA9064-3831-4E0A-968B-C40EE94E6BB2}.Debug|Any CPU.Build.0 = Debug|Any CPU
		{F7DA9064-3831-4E0A-968B-C40EE94E6BB2}.Release|Any CPU.ActiveCfg = Release|Any CPU
		{F7DA9064-3831-4E0A-968B-C40EE94E6BB2}.Release|Any CPU.Build.0 = Release|Any CPU
		{4D6637C2-374D-414E-8D7D-F406EBE54BD1}.Debug|Any CPU.ActiveCfg = Debug|Any CPU
		{4D6637C2-374D-414E-8D7D-F406EBE54BD1}.Debug|Any CPU.Build.0 = Debug|Any CPU
		{4D6637C2-374D-414E-8D7D-F406EBE54BD1}.Release|Any CPU.ActiveCfg = Release|Any CPU
		{4D6637C2-374D-414E-8D7D-F406EBE54BD1}.Release|Any CPU.Build.0 = Release|Any CPU
		{2C3A6774-B690-47CA-8851-4F7B05D39888}.Debug|Any CPU.ActiveCfg = Debug|Any CPU
		{2C3A6774-B690-47CA-8851-4F7B05D39888}.Debug|Any CPU.Build.0 = Debug|Any CPU
		{2C3A6774-B690-47CA-8851-4F7B05D39888}.Release|Any CPU.ActiveCfg = Release|Any CPU
		{2C3A6774-B690-47CA-8851-4F7B05D39888}.Release|Any CPU.Build.0 = Release|Any CPU
		{797F8969-E4D1-42E5-8CFF-0E220BF47F8B}.Debug|Any CPU.ActiveCfg = Debug|Any CPU
		{797F8969-E4D1-42E5-8CFF-0E220BF47F8B}.Debug|Any CPU.Build.0 = Debug|Any CPU
		{797F8969-E4D1-42E5-8CFF-0E220BF47F8B}.Release|Any CPU.ActiveCfg = Release|Any CPU
		{797F8969-E4D1-42E5-8CFF-0E220BF47F8B}.Release|Any CPU.Build.0 = Release|Any CPU
		{F264CAD9-CB20-4653-8DDF-16C7D699B6FA}.Debug|Any CPU.ActiveCfg = Debug|Any CPU
		{F264CAD9-CB20-4653-8DDF-16C7D699B6FA}.Debug|Any CPU.Build.0 = Debug|Any CPU
		{F264CAD9-CB20-4653-8DDF-16C7D699B6FA}.Release|Any CPU.ActiveCfg = Release|Any CPU
		{F264CAD9-CB20-4653-8DDF-16C7D699B6FA}.Release|Any CPU.Build.0 = Release|Any CPU
		{3A873630-2EBC-4E3C-B12B-4CEA36B29923}.Debug|Any CPU.ActiveCfg = Debug|Any CPU
		{3A873630-2EBC-4E3C-B12B-4CEA36B29923}.Debug|Any CPU.Build.0 = Debug|Any CPU
		{3A873630-2EBC-4E3C-B12B-4CEA36B29923}.Release|Any CPU.ActiveCfg = Release|Any CPU
		{3A873630-2EBC-4E3C-B12B-4CEA36B29923}.Release|Any CPU.Build.0 = Release|Any CPU
		{2A4C7AE8-26DF-490F-9E47-98DB8D1D65DD}.Debug|Any CPU.ActiveCfg = Debug|Any CPU
		{2A4C7AE8-26DF-490F-9E47-98DB8D1D65DD}.Debug|Any CPU.Build.0 = Debug|Any CPU
		{2A4C7AE8-26DF-490F-9E47-98DB8D1D65DD}.Release|Any CPU.ActiveCfg = Release|Any CPU
		{2A4C7AE8-26DF-490F-9E47-98DB8D1D65DD}.Release|Any CPU.Build.0 = Release|Any CPU
		{85D92F73-57FB-4843-813E-B70D93585CBE}.Debug|Any CPU.ActiveCfg = Debug|Any CPU
		{85D92F73-57FB-4843-813E-B70D93585CBE}.Debug|Any CPU.Build.0 = Debug|Any CPU
		{85D92F73-57FB-4843-813E-B70D93585CBE}.Release|Any CPU.ActiveCfg = Release|Any CPU
		{85D92F73-57FB-4843-813E-B70D93585CBE}.Release|Any CPU.Build.0 = Release|Any CPU
		{B4F6428F-9CE0-4F9F-A00D-3690BA7C6145}.Debug|Any CPU.ActiveCfg = Debug|Any CPU
		{B4F6428F-9CE0-4F9F-A00D-3690BA7C6145}.Debug|Any CPU.Build.0 = Debug|Any CPU
		{B4F6428F-9CE0-4F9F-A00D-3690BA7C6145}.Release|Any CPU.ActiveCfg = Release|Any CPU
		{B4F6428F-9CE0-4F9F-A00D-3690BA7C6145}.Release|Any CPU.Build.0 = Release|Any CPU
		{7228316E-00DD-4588-A615-15545F576482}.Debug|Any CPU.ActiveCfg = Debug|Any CPU
		{7228316E-00DD-4588-A615-15545F576482}.Debug|Any CPU.Build.0 = Debug|Any CPU
		{7228316E-00DD-4588-A615-15545F576482}.Release|Any CPU.ActiveCfg = Release|Any CPU
		{7228316E-00DD-4588-A615-15545F576482}.Release|Any CPU.Build.0 = Release|Any CPU
		{D0B6CC5C-A478-4AE3-9ECB-5FDDFFAA4796}.Debug|Any CPU.ActiveCfg = Debug|Any CPU
		{D0B6CC5C-A478-4AE3-9ECB-5FDDFFAA4796}.Debug|Any CPU.Build.0 = Debug|Any CPU
		{D0B6CC5C-A478-4AE3-9ECB-5FDDFFAA4796}.Release|Any CPU.ActiveCfg = Release|Any CPU
		{D0B6CC5C-A478-4AE3-9ECB-5FDDFFAA4796}.Release|Any CPU.Build.0 = Release|Any CPU
		{17345D1F-E4A0-4058-83E8-19BD5E6CB2B9}.Debug|Any CPU.ActiveCfg = Debug|Any CPU
		{17345D1F-E4A0-4058-83E8-19BD5E6CB2B9}.Debug|Any CPU.Build.0 = Debug|Any CPU
		{17345D1F-E4A0-4058-83E8-19BD5E6CB2B9}.Release|Any CPU.ActiveCfg = Release|Any CPU
		{17345D1F-E4A0-4058-83E8-19BD5E6CB2B9}.Release|Any CPU.Build.0 = Release|Any CPU
		{1FBCCDAD-2436-4BD3-B74D-34D14E62E7A0}.Debug|Any CPU.ActiveCfg = Debug|Any CPU
		{1FBCCDAD-2436-4BD3-B74D-34D14E62E7A0}.Debug|Any CPU.Build.0 = Debug|Any CPU
		{1FBCCDAD-2436-4BD3-B74D-34D14E62E7A0}.Release|Any CPU.ActiveCfg = Release|Any CPU
		{1FBCCDAD-2436-4BD3-B74D-34D14E62E7A0}.Release|Any CPU.Build.0 = Release|Any CPU
		{5E89E4CC-C6F2-4B0A-BE27-E09D7F552CFA}.Debug|Any CPU.ActiveCfg = Debug|Any CPU
		{5E89E4CC-C6F2-4B0A-BE27-E09D7F552CFA}.Debug|Any CPU.Build.0 = Debug|Any CPU
		{5E89E4CC-C6F2-4B0A-BE27-E09D7F552CFA}.Release|Any CPU.ActiveCfg = Release|Any CPU
		{5E89E4CC-C6F2-4B0A-BE27-E09D7F552CFA}.Release|Any CPU.Build.0 = Release|Any CPU
		{B287EF4F-9DC8-4094-9AC2-372963150F4F}.Debug|Any CPU.ActiveCfg = Debug|Any CPU
		{B287EF4F-9DC8-4094-9AC2-372963150F4F}.Debug|Any CPU.Build.0 = Debug|Any CPU
		{B287EF4F-9DC8-4094-9AC2-372963150F4F}.Release|Any CPU.ActiveCfg = Release|Any CPU
		{B287EF4F-9DC8-4094-9AC2-372963150F4F}.Release|Any CPU.Build.0 = Release|Any CPU
		{30128B3D-278C-4571-AE63-6360E066B06D}.Debug|Any CPU.ActiveCfg = Debug|Any CPU
		{30128B3D-278C-4571-AE63-6360E066B06D}.Debug|Any CPU.Build.0 = Debug|Any CPU
		{30128B3D-278C-4571-AE63-6360E066B06D}.Release|Any CPU.ActiveCfg = Release|Any CPU
		{30128B3D-278C-4571-AE63-6360E066B06D}.Release|Any CPU.Build.0 = Release|Any CPU
		{4F4D3678-F4DB-4983-9FFD-E3C5A61BE069}.Debug|Any CPU.ActiveCfg = Debug|Any CPU
		{4F4D3678-F4DB-4983-9FFD-E3C5A61BE069}.Debug|Any CPU.Build.0 = Debug|Any CPU
		{4F4D3678-F4DB-4983-9FFD-E3C5A61BE069}.Release|Any CPU.ActiveCfg = Release|Any CPU
		{4F4D3678-F4DB-4983-9FFD-E3C5A61BE069}.Release|Any CPU.Build.0 = Release|Any CPU
		{E556891A-D261-400D-B773-1CB36A6028AC}.Debug|Any CPU.ActiveCfg = Debug|Any CPU
		{E556891A-D261-400D-B773-1CB36A6028AC}.Debug|Any CPU.Build.0 = Debug|Any CPU
		{E556891A-D261-400D-B773-1CB36A6028AC}.Release|Any CPU.ActiveCfg = Release|Any CPU
		{E556891A-D261-400D-B773-1CB36A6028AC}.Release|Any CPU.Build.0 = Release|Any CPU
	EndGlobalSection
	GlobalSection(SolutionProperties) = preSolution
		HideSolutionNode = FALSE
	EndGlobalSection
	GlobalSection(ExtensibilityGlobals) = postSolution
		SolutionGuid = {1DA6E2D8-E005-4492-A97D-7B60F4C08C94}
	EndGlobalSection
EndGlobal
